
Microsoft Visual Studio Solution File, Format Version 12.00
# Visual Studio Version 17
VisualStudioVersion = 17.11.35208.52
MinimumVisualStudioVersion = 10.0.40219.1
Project("{FAE04EC0-301F-11D3-BF4B-00C04F79EFBC}") = "matrihi2", "matrihi2\matrihi2.csproj", "{CFA86236-A2E0-4681-B4B3-A2579C321F08}"
EndProject
Global
	GlobalSection(SolutionConfigurationPlatforms) = preSolution
		Debug|Any CPU = Debug|Any CPU
		Release|Any CPU = Release|Any CPU
	EndGlobalSection
	GlobalSection(ProjectConfigurationPlatforms) = postSolution
		{CFA86236-A2E0-4681-B4B3-A2579C321F08}.Debug|Any CPU.ActiveCfg = Debug|Any CPU
		{CFA86236-A2E0-4681-B4B3-A2579C321F08}.Debug|Any CPU.Build.0 = Debug|Any CPU
		{CFA86236-A2E0-4681-B4B3-A2579C321F08}.Release|Any CPU.ActiveCfg = Release|Any CPU
		{CFA86236-A2E0-4681-B4B3-A2579C321F08}.Release|Any CPU.Build.0 = Release|Any CPU
	EndGlobalSection
	GlobalSection(SolutionProperties) = preSolution
		HideSolutionNode = FALSE
	EndGlobalSection
	GlobalSection(ExtensibilityGlobals) = postSolution
		SolutionGuid = {CBBFF12F-B349-4365-BE61-46DEE3594913}
	EndGlobalSection
EndGlobal
